
Microsoft Visual Studio Solution File, Format Version 12.00
# Visual Studio Version 16
VisualStudioVersion = 16.0.31112.23
MinimumVisualStudioVersion = 10.0.40219.1
Project("{FAE04EC0-301F-11D3-BF4B-00C04F79EFBC}") = "Drop.Web", "Drop.Web.csproj", "{8FE34AC1-31B1-4DBD-BC36-3AE2C0718DAD}"
EndProject
Global
	GlobalSection(SolutionConfigurationPlatforms) = preSolution
		Debug|Any CPU = Debug|Any CPU
		Release|Any CPU = Release|Any CPU
	EndGlobalSection
	GlobalSection(ProjectConfigurationPlatforms) = postSolution
		{8FE34AC1-31B1-4DBD-BC36-3AE2C0718DAD}.Debug|Any CPU.ActiveCfg = Debug|Any CPU
		{8FE34AC1-31B1-4DBD-BC36-3AE2C0718DAD}.Debug|Any CPU.Build.0 = Debug|Any CPU
		{8FE34AC1-31B1-4DBD-BC36-3AE2C0718DAD}.Release|Any CPU.ActiveCfg = Release|Any CPU
		{8FE34AC1-31B1-4DBD-BC36-3AE2C0718DAD}.Release|Any CPU.Build.0 = Release|Any CPU
	EndGlobalSection
	GlobalSection(SolutionProperties) = preSolution
		HideSolutionNode = FALSE
	EndGlobalSection
	GlobalSection(ExtensibilityGlobals) = postSolution
		SolutionGuid = {F85B503C-399C-4BCE-971E-934DF95E8631}
	EndGlobalSection
EndGlobal
